// !$*UTF8*$!
{
	archiveVersion = 1;
	classes = {
	};
	objectVersion = 51;
	objects = {

/* Begin PBXBuildFile section */
		9808544426D13E9400A8538D /* PulseAnimation.swift in Sources */ = {isa = PBXBuildFile; fileRef = 9808544326D13E9400A8538D /* PulseAnimation.swift */; };
		9808544826D161A400A8538D /* NoteViewController.swift in Sources */ = {isa = PBXBuildFile; fileRef = 9808544726D161A400A8538D /* NoteViewController.swift */; };
		980C9F4F26D88F210043F3E3 /* GoogleService-Info.plist in Resources */ = {isa = PBXBuildFile; fileRef = 987B64F126CF2D2B003F21A8 /* GoogleService-Info.plist */; };
		980C9F5126D895160043F3E3 /* GoogleSpeechManager.swift in Sources */ = {isa = PBXBuildFile; fileRef = 980C9F5026D895160043F3E3 /* GoogleSpeechManager.swift */; };
		982CCC6126BA2BC900E260E3 /* helper.swift in Sources */ = {isa = PBXBuildFile; fileRef = 982CCC6026BA2BC900E260E3 /* helper.swift */; };
		982CCC6926BA305200E260E3 /* constants.swift in Sources */ = {isa = PBXBuildFile; fileRef = 982CCC6826BA305200E260E3 /* constants.swift */; };
		982CCC7326BACDA900E260E3 /* PresenterManager.swift in Sources */ = {isa = PBXBuildFile; fileRef = 982CCC7226BACDA900E260E3 /* PresenterManager.swift */; };
		982CCC7826BACFFB00E260E3 /* TabBar.storyboard in Resources */ = {isa = PBXBuildFile; fileRef = 982CCC7726BACFFB00E260E3 /* TabBar.storyboard */; };
		982CCC8826BAD96000E260E3 /* HomeViewController.swift in Sources */ = {isa = PBXBuildFile; fileRef = 982CCC8726BAD96000E260E3 /* HomeViewController.swift */; };
		982CCC8D26BAD97500E260E3 /* TranscriptionsViewController.swift in Sources */ = {isa = PBXBuildFile; fileRef = 982CCC8C26BAD97500E260E3 /* TranscriptionsViewController.swift */; };
		982CCC9226BAD98E00E260E3 /* MoreViewController.swift in Sources */ = {isa = PBXBuildFile; fileRef = 982CCC9126BAD98E00E260E3 /* MoreViewController.swift */; };
		982CCC9726BAD9B400E260E3 /* RecordingViewController.swift in Sources */ = {isa = PBXBuildFile; fileRef = 982CCC9626BAD9B400E260E3 /* RecordingViewController.swift */; };
		982CCC9C26BAD9D700E260E3 /* ErrorViewController.swift in Sources */ = {isa = PBXBuildFile; fileRef = 982CCC9B26BAD9D700E260E3 /* ErrorViewController.swift */; };
		982CCCA126BAD9EB00E260E3 /* WelcomeViewController.swift in Sources */ = {isa = PBXBuildFile; fileRef = 982CCCA026BAD9EB00E260E3 /* WelcomeViewController.swift */; };
		982CCCA626BAD9F600E260E3 /* OnboardingViewController.swift in Sources */ = {isa = PBXBuildFile; fileRef = 982CCCA526BAD9F600E260E3 /* OnboardingViewController.swift */; };
		982CCCAB26BAD9FF00E260E3 /* SignUpViewController.swift in Sources */ = {isa = PBXBuildFile; fileRef = 982CCCAA26BAD9FF00E260E3 /* SignUpViewController.swift */; };
		982CCCB026BADA0900E260E3 /* SignInViewController.swift in Sources */ = {isa = PBXBuildFile; fileRef = 982CCCAF26BADA0900E260E3 /* SignInViewController.swift */; };
		982CCCB526BADA1A00E260E3 /* GenderViewController.swift in Sources */ = {isa = PBXBuildFile; fileRef = 982CCCB426BADA1A00E260E3 /* GenderViewController.swift */; };
		982CCCBA26BADA3100E260E3 /* UserIdentityViewController.swift in Sources */ = {isa = PBXBuildFile; fileRef = 982CCCB926BADA3100E260E3 /* UserIdentityViewController.swift */; };
		9832867C26D7D5C30002E185 /* SpeechRecognitionService.swift in Sources */ = {isa = PBXBuildFile; fileRef = 9832867A26D7D5C20002E185 /* SpeechRecognitionService.swift */; };
		9832867D26D7D5C30002E185 /* AudioController.swift in Sources */ = {isa = PBXBuildFile; fileRef = 9832867B26D7D5C30002E185 /* AudioController.swift */; };
		983286AB26D7D5DA0002E185 /* operations.proto in Sources */ = {isa = PBXBuildFile; fileRef = 9832868026D7D5D70002E185 /* operations.proto */; };
		983286AC26D7D5DA0002E185 /* Operations.pbrpc.m in Sources */ = {isa = PBXBuildFile; fileRef = 9832868126D7D5D70002E185 /* Operations.pbrpc.m */; };
		983286AD26D7D5DA0002E185 /* Operations.pbobjc.m in Sources */ = {isa = PBXBuildFile; fileRef = 9832868226D7D5D70002E185 /* Operations.pbobjc.m */; };
		983286AF26D7D5DA0002E185 /* cloud_speech.proto in Sources */ = {isa = PBXBuildFile; fileRef = 9832868B26D7D5D70002E185 /* cloud_speech.proto */; };
		983286B026D7D5DA0002E185 /* CloudSpeech.pbobjc.m in Sources */ = {isa = PBXBuildFile; fileRef = 9832868C26D7D5D70002E185 /* CloudSpeech.pbobjc.m */; };
		983286B126D7D5DA0002E185 /* CloudSpeech.pbrpc.m in Sources */ = {isa = PBXBuildFile; fileRef = 9832868D26D7D5D70002E185 /* CloudSpeech.pbrpc.m */; };
		983286B226D7D5DA0002E185 /* http.proto in Sources */ = {isa = PBXBuildFile; fileRef = 9832868F26D7D5D70002E185 /* http.proto */; };
		983286B326D7D5DA0002E185 /* MonitoredResource.pbobjc.m in Sources */ = {isa = PBXBuildFile; fileRef = 9832869026D7D5D70002E185 /* MonitoredResource.pbobjc.m */; };
		983286B426D7D5DA0002E185 /* Label.pbobjc.m in Sources */ = {isa = PBXBuildFile; fileRef = 9832869226D7D5D70002E185 /* Label.pbobjc.m */; };
		983286B526D7D5DA0002E185 /* monitored_resource.proto in Sources */ = {isa = PBXBuildFile; fileRef = 9832869426D7D5D70002E185 /* monitored_resource.proto */; };
		983286B626D7D5DA0002E185 /* annotations.proto in Sources */ = {isa = PBXBuildFile; fileRef = 9832869526D7D5D70002E185 /* annotations.proto */; };
		983286B726D7D5DA0002E185 /* label.proto in Sources */ = {isa = PBXBuildFile; fileRef = 9832869726D7D5D70002E185 /* label.proto */; };
		983286B826D7D5DA0002E185 /* HTTP.pbobjc.m in Sources */ = {isa = PBXBuildFile; fileRef = 9832869826D7D5D70002E185 /* HTTP.pbobjc.m */; };
		983286B926D7D5DA0002E185 /* Annotations.pbobjc.m in Sources */ = {isa = PBXBuildFile; fileRef = 9832869A26D7D5D70002E185 /* Annotations.pbobjc.m */; };
		983286BA26D7D5DA0002E185 /* code.proto in Sources */ = {isa = PBXBuildFile; fileRef = 9832869C26D7D5D70002E185 /* code.proto */; };
		983286BB26D7D5DA0002E185 /* status.proto in Sources */ = {isa = PBXBuildFile; fileRef = 9832869F26D7D5D70002E185 /* status.proto */; };
		983286BC26D7D5DA0002E185 /* README.md in Resources */ = {isa = PBXBuildFile; fileRef = 983286A126D7D5D70002E185 /* README.md */; };
		983286BD26D7D5DA0002E185 /* Code.pbobjc.m in Sources */ = {isa = PBXBuildFile; fileRef = 983286A226D7D5D70002E185 /* Code.pbobjc.m */; };
		983286BE26D7D5DA0002E185 /* Status.pbobjc.m in Sources */ = {isa = PBXBuildFile; fileRef = 983286A326D7D5D70002E185 /* Status.pbobjc.m */; };
		983286BF26D7D5DA0002E185 /* ErrorDetails.pbobjc.m in Sources */ = {isa = PBXBuildFile; fileRef = 983286A426D7D5D70002E185 /* ErrorDetails.pbobjc.m */; };
		983286C026D7D5DA0002E185 /* error_details.proto in Sources */ = {isa = PBXBuildFile; fileRef = 983286A526D7D5D70002E185 /* error_details.proto */; };
		983286C126D7D5DA0002E185 /* descriptor.proto in Sources */ = {isa = PBXBuildFile; fileRef = 983286A826D7D5D70002E185 /* descriptor.proto */; };
		983286C226D7D5DA0002E185 /* Descriptor.pbobjc.m in Sources */ = {isa = PBXBuildFile; fileRef = 983286A926D7D5D70002E185 /* Descriptor.pbobjc.m */; };
		983E570A26EFE3DD00E2E31F /* SettingsOptions.swift in Sources */ = {isa = PBXBuildFile; fileRef = 983E570926EFE3DD00E2E31F /* SettingsOptions.swift */; };
		983E570C26EFE65900E2E31F /* ProfileOptions.swift in Sources */ = {isa = PBXBuildFile; fileRef = 983E570B26EFE65900E2E31F /* ProfileOptions.swift */; };
		983E571026EFE71C00E2E31F /* MoreTableViewCell.swift in Sources */ = {isa = PBXBuildFile; fileRef = 983E570F26EFE71C00E2E31F /* MoreTableViewCell.swift */; };
		983E571426EFE7DE00E2E31F /* Profile.swift in Sources */ = {isa = PBXBuildFile; fileRef = 983E571326EFE7DE00E2E31F /* Profile.swift */; };
		983E571626EFED7A00E2E31F /* ProfileItems.swift in Sources */ = {isa = PBXBuildFile; fileRef = 983E571526EFED7A00E2E31F /* ProfileItems.swift */; };
		983E571826F115BB00E2E31F /* TranscriptionManager.swift in Sources */ = {isa = PBXBuildFile; fileRef = 983E571726F115BB00E2E31F /* TranscriptionManager.swift */; };
		983E57B32703CDC200E2E31F /* SpeechRecognitionManager.swift in Sources */ = {isa = PBXBuildFile; fileRef = 983E57B22703CDC200E2E31F /* SpeechRecognitionManager.swift */; };
		984C68DB26CAB84C0046ED58 /* Alert.swift in Sources */ = {isa = PBXBuildFile; fileRef = 984C68DA26CAB84C0046ED58 /* Alert.swift */; };
		984C690D26CB54E60046ED58 /* AuthManager.swift in Sources */ = {isa = PBXBuildFile; fileRef = 984C690C26CB54E60046ED58 /* AuthManager.swift */; };
		984EDF9526C1818E00DBA40C /* CustomNavigationViewController.swift in Sources */ = {isa = PBXBuildFile; fileRef = 984EDF9426C1818E00DBA40C /* CustomNavigationViewController.swift */; };
		984EDF9B26C1942C00DBA40C /* Swipe.swift in Sources */ = {isa = PBXBuildFile; fileRef = 984EDF9A26C1942C00DBA40C /* Swipe.swift */; };
		984EDFA126C1951A00DBA40C /* SwiperCollectionViewCell.swift in Sources */ = {isa = PBXBuildFile; fileRef = 984EDFA026C1951A00DBA40C /* SwiperCollectionViewCell.swift */; };
		984EDFB426C1C34200DBA40C /* Auth.storyboard in Resources */ = {isa = PBXBuildFile; fileRef = 984EDFB326C1C34200DBA40C /* Auth.storyboard */; };
		984EDFB526C1C34200DBA40C /* Auth.storyboard in Resources */ = {isa = PBXBuildFile; fileRef = 984EDFB326C1C34200DBA40C /* Auth.storyboard */; };
		984EDFB626C1C34200DBA40C /* Auth.storyboard in Resources */ = {isa = PBXBuildFile; fileRef = 984EDFB326C1C34200DBA40C /* Auth.storyboard */; };
		986BB3EA26B8A45D00D6E492 /* AppDelegate.swift in Sources */ = {isa = PBXBuildFile; fileRef = 986BB3E926B8A45D00D6E492 /* AppDelegate.swift */; };
		986BB3EC26B8A45D00D6E492 /* SceneDelegate.swift in Sources */ = {isa = PBXBuildFile; fileRef = 986BB3EB26B8A45D00D6E492 /* SceneDelegate.swift */; };
		986BB3EE26B8A45D00D6E492 /* LoadingViewController.swift in Sources */ = {isa = PBXBuildFile; fileRef = 986BB3ED26B8A45D00D6E492 /* LoadingViewController.swift */; };
		986BB3F126B8A45D00D6E492 /* Main.storyboard in Resources */ = {isa = PBXBuildFile; fileRef = 986BB3EF26B8A45D00D6E492 /* Main.storyboard */; };
		986BB3F426B8A45D00D6E492 /* VR_App.xcdatamodeld in Sources */ = {isa = PBXBuildFile; fileRef = 986BB3F226B8A45D00D6E492 /* VR_App.xcdatamodeld */; };
		986BB3F626B8A46200D6E492 /* Assets.xcassets in Resources */ = {isa = PBXBuildFile; fileRef = 986BB3F526B8A46200D6E492 /* Assets.xcassets */; };
		986BB3F926B8A46200D6E492 /* LaunchScreen.storyboard in Resources */ = {isa = PBXBuildFile; fileRef = 986BB3F726B8A46200D6E492 /* LaunchScreen.storyboard */; };
		986BB40426B8A46200D6E492 /* VR_AppTests.swift in Sources */ = {isa = PBXBuildFile; fileRef = 986BB40326B8A46200D6E492 /* VR_AppTests.swift */; };
		986BB40F26B8A46200D6E492 /* VR_AppUITests.swift in Sources */ = {isa = PBXBuildFile; fileRef = 986BB40E26B8A46200D6E492 /* VR_AppUITests.swift */; };
		987B64F426D00E8C003F21A8 /* client_675781880683-vmst0ctj63uvii5kmps89bhotjsj5r4h.apps.googleusercontent.com.plist in Resources */ = {isa = PBXBuildFile; fileRef = 987B64F326D00E8B003F21A8 /* client_675781880683-vmst0ctj63uvii5kmps89bhotjsj5r4h.apps.googleusercontent.com.plist */; };
		987B64F626D04DD0003F21A8 /* UserDefaultManager.swift in Sources */ = {isa = PBXBuildFile; fileRef = 987B64F526D04DD0003F21A8 /* UserDefaultManager.swift */; };
		987F628D270545FC0043A247 /* ForgotPasswordViewController.swift in Sources */ = {isa = PBXBuildFile; fileRef = 987F628C270545FC0043A247 /* ForgotPasswordViewController.swift */; };
		987F628F27064C630043A247 /* Section.swift in Sources */ = {isa = PBXBuildFile; fileRef = 987F628E27064C630043A247 /* Section.swift */; };
		987F6294270A4A0C0043A247 /* ProfileViewController.swift in Sources */ = {isa = PBXBuildFile; fileRef = 987F6293270A4A0C0043A247 /* ProfileViewController.swift */; };
		987F6298270A4DDD0043A247 /* ProfileTableViewCell.swift in Sources */ = {isa = PBXBuildFile; fileRef = 987F6297270A4DDD0043A247 /* ProfileTableViewCell.swift */; };
		987F629A270D062D0043A247 /* RecordingRecognitionManager.swift in Sources */ = {isa = PBXBuildFile; fileRef = 987F6299270D062C0043A247 /* RecordingRecognitionManager.swift */; };
		988B499826CDC98900EC7DAE /* CoreDataManager.swift in Sources */ = {isa = PBXBuildFile; fileRef = 988B499726CDC98900EC7DAE /* CoreDataManager.swift */; };
		989BE05B26C4332500A2F4CB /* Transcript.swift in Sources */ = {isa = PBXBuildFile; fileRef = 989BE05A26C4332500A2F4CB /* Transcript.swift */; };
		98A1262A26E9074700896A5C /* TranscriptionTableViewCell.swift in Sources */ = {isa = PBXBuildFile; fileRef = 98A1262926E9074700896A5C /* TranscriptionTableViewCell.swift */; };
		98A1262C26E912EA00896A5C /* DetailedTranscriptionViewController.swift in Sources */ = {isa = PBXBuildFile; fileRef = 98A1262B26E912EA00896A5C /* DetailedTranscriptionViewController.swift */; };
		98A1262E26EA27BA00896A5C /* CustomUITabBarController.swift in Sources */ = {isa = PBXBuildFile; fileRef = 98A1262D26EA27B900896A5C /* CustomUITabBarController.swift */; };
		98A1263026EAF3E600896A5C /* Date+Extension.swift in Sources */ = {isa = PBXBuildFile; fileRef = 98A1262F26EAF3E600896A5C /* Date+Extension.swift */; };
		98BB31C826CC05C100A6439D /* UserDefaults+Extension.swift in Sources */ = {isa = PBXBuildFile; fileRef = 98BB31C726CC05C100A6439D /* UserDefaults+Extension.swift */; };
		98BB31CF26CC2BF100A6439D /* Actor.swift in Sources */ = {isa = PBXBuildFile; fileRef = 98BB31CE26CC2BF100A6439D /* Actor.swift */; };
		98FD197F26C54C00009C4A5F /* Validate.swift in Sources */ = {isa = PBXBuildFile; fileRef = 98FD197E26C54C00009C4A5F /* Validate.swift */; };
		BBDE20820ABEFA8F941788A0 /* Pods_VR_App.framework in Frameworks */ = {isa = PBXBuildFile; fileRef = F267C99AB5379816744CED76 /* Pods_VR_App.framework */; };
/* End PBXBuildFile section */

/* Begin PBXContainerItemProxy section */
		986BB40026B8A46200D6E492 /* PBXContainerItemProxy */ = {
			isa = PBXContainerItemProxy;
			containerPortal = 986BB3DE26B8A45D00D6E492 /* Project object */;
			proxyType = 1;
			remoteGlobalIDString = 986BB3E526B8A45D00D6E492;
			remoteInfo = VR_App;
		};
		986BB40B26B8A46200D6E492 /* PBXContainerItemProxy */ = {
			isa = PBXContainerItemProxy;
			containerPortal = 986BB3DE26B8A45D00D6E492 /* Project object */;
			proxyType = 1;
			remoteGlobalIDString = 986BB3E526B8A45D00D6E492;
			remoteInfo = VR_App;
		};
/* End PBXContainerItemProxy section */

/* Begin PBXFileReference section */
		2B110CD5816E554680045A1A /* Pods-VR_App.debug.xcconfig */ = {isa = PBXFileReference; includeInIndex = 1; lastKnownFileType = text.xcconfig; name = "Pods-VR_App.debug.xcconfig"; path = "Target Support Files/Pods-VR_App/Pods-VR_App.debug.xcconfig"; sourceTree = "<group>"; };
		7B6377A8797A8AF8EDEE0EE7 /* Pods-VR_App.release.xcconfig */ = {isa = PBXFileReference; includeInIndex = 1; lastKnownFileType = text.xcconfig; name = "Pods-VR_App.release.xcconfig"; path = "Target Support Files/Pods-VR_App/Pods-VR_App.release.xcconfig"; sourceTree = "<group>"; };
		9808544326D13E9400A8538D /* PulseAnimation.swift */ = {isa = PBXFileReference; lastKnownFileType = sourcecode.swift; path = PulseAnimation.swift; sourceTree = "<group>"; };
		9808544726D161A400A8538D /* NoteViewController.swift */ = {isa = PBXFileReference; lastKnownFileType = sourcecode.swift; path = NoteViewController.swift; sourceTree = "<group>"; };
		980C9F4C26D832100043F3E3 /* Bridging-Header.h */ = {isa = PBXFileReference; lastKnownFileType = sourcecode.c.h; path = "Bridging-Header.h"; sourceTree = "<group>"; };
		980C9F5026D895160043F3E3 /* GoogleSpeechManager.swift */ = {isa = PBXFileReference; lastKnownFileType = sourcecode.swift; path = GoogleSpeechManager.swift; sourceTree = "<group>"; };
		982CCC6026BA2BC900E260E3 /* helper.swift */ = {isa = PBXFileReference; lastKnownFileType = sourcecode.swift; path = helper.swift; sourceTree = "<group>"; };
		982CCC6826BA305200E260E3 /* constants.swift */ = {isa = PBXFileReference; lastKnownFileType = sourcecode.swift; path = constants.swift; sourceTree = "<group>"; };
		982CCC7226BACDA900E260E3 /* PresenterManager.swift */ = {isa = PBXFileReference; lastKnownFileType = sourcecode.swift; path = PresenterManager.swift; sourceTree = "<group>"; };
		982CCC7726BACFFB00E260E3 /* TabBar.storyboard */ = {isa = PBXFileReference; lastKnownFileType = file.storyboard; path = TabBar.storyboard; sourceTree = "<group>"; };
		982CCC8726BAD96000E260E3 /* HomeViewController.swift */ = {isa = PBXFileReference; lastKnownFileType = sourcecode.swift; path = HomeViewController.swift; sourceTree = "<group>"; };
		982CCC8C26BAD97500E260E3 /* TranscriptionsViewController.swift */ = {isa = PBXFileReference; lastKnownFileType = sourcecode.swift; path = TranscriptionsViewController.swift; sourceTree = "<group>"; };
		982CCC9126BAD98E00E260E3 /* MoreViewController.swift */ = {isa = PBXFileReference; lastKnownFileType = sourcecode.swift; path = MoreViewController.swift; sourceTree = "<group>"; };
		982CCC9626BAD9B400E260E3 /* RecordingViewController.swift */ = {isa = PBXFileReference; lastKnownFileType = sourcecode.swift; path = RecordingViewController.swift; sourceTree = "<group>"; };
		982CCC9B26BAD9D700E260E3 /* ErrorViewController.swift */ = {isa = PBXFileReference; lastKnownFileType = sourcecode.swift; path = ErrorViewController.swift; sourceTree = "<group>"; };
		982CCCA026BAD9EB00E260E3 /* WelcomeViewController.swift */ = {isa = PBXFileReference; lastKnownFileType = sourcecode.swift; path = WelcomeViewController.swift; sourceTree = "<group>"; };
		982CCCA526BAD9F600E260E3 /* OnboardingViewController.swift */ = {isa = PBXFileReference; lastKnownFileType = sourcecode.swift; path = OnboardingViewController.swift; sourceTree = "<group>"; };
		982CCCAA26BAD9FF00E260E3 /* SignUpViewController.swift */ = {isa = PBXFileReference; lastKnownFileType = sourcecode.swift; path = SignUpViewController.swift; sourceTree = "<group>"; };
		982CCCAF26BADA0900E260E3 /* SignInViewController.swift */ = {isa = PBXFileReference; lastKnownFileType = sourcecode.swift; path = SignInViewController.swift; sourceTree = "<group>"; };
		982CCCB426BADA1A00E260E3 /* GenderViewController.swift */ = {isa = PBXFileReference; lastKnownFileType = sourcecode.swift; path = GenderViewController.swift; sourceTree = "<group>"; };
		982CCCB926BADA3100E260E3 /* UserIdentityViewController.swift */ = {isa = PBXFileReference; lastKnownFileType = sourcecode.swift; path = UserIdentityViewController.swift; sourceTree = "<group>"; };
		9832867A26D7D5C20002E185 /* SpeechRecognitionService.swift */ = {isa = PBXFileReference; fileEncoding = 4; lastKnownFileType = sourcecode.swift; path = SpeechRecognitionService.swift; sourceTree = "<group>"; };
		9832867B26D7D5C30002E185 /* AudioController.swift */ = {isa = PBXFileReference; fileEncoding = 4; lastKnownFileType = sourcecode.swift; path = AudioController.swift; sourceTree = "<group>"; };
		9832868026D7D5D70002E185 /* operations.proto */ = {isa = PBXFileReference; fileEncoding = 4; lastKnownFileType = sourcecode.protobuf; path = operations.proto; sourceTree = "<group>"; };
		9832868126D7D5D70002E185 /* Operations.pbrpc.m */ = {isa = PBXFileReference; fileEncoding = 4; lastKnownFileType = sourcecode.c.objc; path = Operations.pbrpc.m; sourceTree = "<group>"; };
		9832868226D7D5D70002E185 /* Operations.pbobjc.m */ = {isa = PBXFileReference; fileEncoding = 4; lastKnownFileType = sourcecode.c.objc; path = Operations.pbobjc.m; sourceTree = "<group>"; };
		9832868326D7D5D70002E185 /* README.md */ = {isa = PBXFileReference; fileEncoding = 4; lastKnownFileType = net.daringfireball.markdown; path = README.md; sourceTree = "<group>"; };
		9832868426D7D5D70002E185 /* Operations.pbobjc.h */ = {isa = PBXFileReference; fileEncoding = 4; lastKnownFileType = sourcecode.c.h; path = Operations.pbobjc.h; sourceTree = "<group>"; };
		9832868526D7D5D70002E185 /* Operations.pbrpc.h */ = {isa = PBXFileReference; fileEncoding = 4; lastKnownFileType = sourcecode.c.h; path = Operations.pbrpc.h; sourceTree = "<group>"; };
		9832868926D7D5D70002E185 /* CloudSpeech.pbobjc.h */ = {isa = PBXFileReference; fileEncoding = 4; lastKnownFileType = sourcecode.c.h; path = CloudSpeech.pbobjc.h; sourceTree = "<group>"; };
		9832868A26D7D5D70002E185 /* CloudSpeech.pbrpc.h */ = {isa = PBXFileReference; fileEncoding = 4; lastKnownFileType = sourcecode.c.h; path = CloudSpeech.pbrpc.h; sourceTree = "<group>"; };
		9832868B26D7D5D70002E185 /* cloud_speech.proto */ = {isa = PBXFileReference; fileEncoding = 4; lastKnownFileType = sourcecode.protobuf; path = cloud_speech.proto; sourceTree = "<group>"; };
		9832868C26D7D5D70002E185 /* CloudSpeech.pbobjc.m */ = {isa = PBXFileReference; fileEncoding = 4; lastKnownFileType = sourcecode.c.objc; path = CloudSpeech.pbobjc.m; sourceTree = "<group>"; };
		9832868D26D7D5D70002E185 /* CloudSpeech.pbrpc.m */ = {isa = PBXFileReference; fileEncoding = 4; lastKnownFileType = sourcecode.c.objc; path = CloudSpeech.pbrpc.m; sourceTree = "<group>"; };
		9832868F26D7D5D70002E185 /* http.proto */ = {isa = PBXFileReference; fileEncoding = 4; lastKnownFileType = sourcecode.protobuf; path = http.proto; sourceTree = "<group>"; };
		9832869026D7D5D70002E185 /* MonitoredResource.pbobjc.m */ = {isa = PBXFileReference; fileEncoding = 4; lastKnownFileType = sourcecode.c.objc; path = MonitoredResource.pbobjc.m; sourceTree = "<group>"; };
		9832869126D7D5D70002E185 /* Annotations.pbobjc.h */ = {isa = PBXFileReference; fileEncoding = 4; lastKnownFileType = sourcecode.c.h; path = Annotations.pbobjc.h; sourceTree = "<group>"; };
		9832869226D7D5D70002E185 /* Label.pbobjc.m */ = {isa = PBXFileReference; fileEncoding = 4; lastKnownFileType = sourcecode.c.objc; path = Label.pbobjc.m; sourceTree = "<group>"; };
		9832869326D7D5D70002E185 /* HTTP.pbobjc.h */ = {isa = PBXFileReference; fileEncoding = 4; lastKnownFileType = sourcecode.c.h; path = HTTP.pbobjc.h; sourceTree = "<group>"; };
		9832869426D7D5D70002E185 /* monitored_resource.proto */ = {isa = PBXFileReference; fileEncoding = 4; lastKnownFileType = sourcecode.protobuf; path = monitored_resource.proto; sourceTree = "<group>"; };
		9832869526D7D5D70002E185 /* annotations.proto */ = {isa = PBXFileReference; fileEncoding = 4; lastKnownFileType = sourcecode.protobuf; path = annotations.proto; sourceTree = "<group>"; };
		9832869626D7D5D70002E185 /* MonitoredResource.pbobjc.h */ = {isa = PBXFileReference; fileEncoding = 4; lastKnownFileType = sourcecode.c.h; path = MonitoredResource.pbobjc.h; sourceTree = "<group>"; };
		9832869726D7D5D70002E185 /* label.proto */ = {isa = PBXFileReference; fileEncoding = 4; lastKnownFileType = sourcecode.protobuf; path = label.proto; sourceTree = "<group>"; };
		9832869826D7D5D70002E185 /* HTTP.pbobjc.m */ = {isa = PBXFileReference; fileEncoding = 4; lastKnownFileType = sourcecode.c.objc; path = HTTP.pbobjc.m; sourceTree = "<group>"; };
		9832869926D7D5D70002E185 /* Label.pbobjc.h */ = {isa = PBXFileReference; fileEncoding = 4; lastKnownFileType = sourcecode.c.h; path = Label.pbobjc.h; sourceTree = "<group>"; };
		9832869A26D7D5D70002E185 /* Annotations.pbobjc.m */ = {isa = PBXFileReference; fileEncoding = 4; lastKnownFileType = sourcecode.c.objc; path = Annotations.pbobjc.m; sourceTree = "<group>"; };
		9832869C26D7D5D70002E185 /* code.proto */ = {isa = PBXFileReference; fileEncoding = 4; lastKnownFileType = sourcecode.protobuf; path = code.proto; sourceTree = "<group>"; };
		9832869D26D7D5D70002E185 /* Status.pbobjc.h */ = {isa = PBXFileReference; fileEncoding = 4; lastKnownFileType = sourcecode.c.h; path = Status.pbobjc.h; sourceTree = "<group>"; };
		9832869E26D7D5D70002E185 /* Code.pbobjc.h */ = {isa = PBXFileReference; fileEncoding = 4; lastKnownFileType = sourcecode.c.h; path = Code.pbobjc.h; sourceTree = "<group>"; };
		9832869F26D7D5D70002E185 /* status.proto */ = {isa = PBXFileReference; fileEncoding = 4; lastKnownFileType = sourcecode.protobuf; path = status.proto; sourceTree = "<group>"; };
		983286A026D7D5D70002E185 /* ErrorDetails.pbobjc.h */ = {isa = PBXFileReference; fileEncoding = 4; lastKnownFileType = sourcecode.c.h; path = ErrorDetails.pbobjc.h; sourceTree = "<group>"; };
		983286A126D7D5D70002E185 /* README.md */ = {isa = PBXFileReference; fileEncoding = 4; lastKnownFileType = net.daringfireball.markdown; path = README.md; sourceTree = "<group>"; };
		983286A226D7D5D70002E185 /* Code.pbobjc.m */ = {isa = PBXFileReference; fileEncoding = 4; lastKnownFileType = sourcecode.c.objc; path = Code.pbobjc.m; sourceTree = "<group>"; };
		983286A326D7D5D70002E185 /* Status.pbobjc.m */ = {isa = PBXFileReference; fileEncoding = 4; lastKnownFileType = sourcecode.c.objc; path = Status.pbobjc.m; sourceTree = "<group>"; };
		983286A426D7D5D70002E185 /* ErrorDetails.pbobjc.m */ = {isa = PBXFileReference; fileEncoding = 4; lastKnownFileType = sourcecode.c.objc; path = ErrorDetails.pbobjc.m; sourceTree = "<group>"; };
		983286A526D7D5D70002E185 /* error_details.proto */ = {isa = PBXFileReference; fileEncoding = 4; lastKnownFileType = sourcecode.protobuf; path = error_details.proto; sourceTree = "<group>"; };
		983286A726D7D5D70002E185 /* Descriptor.pbobjc.h */ = {isa = PBXFileReference; fileEncoding = 4; lastKnownFileType = sourcecode.c.h; path = Descriptor.pbobjc.h; sourceTree = "<group>"; };
		983286A826D7D5D70002E185 /* descriptor.proto */ = {isa = PBXFileReference; fileEncoding = 4; lastKnownFileType = sourcecode.protobuf; path = descriptor.proto; sourceTree = "<group>"; };
		983286A926D7D5D70002E185 /* Descriptor.pbobjc.m */ = {isa = PBXFileReference; fileEncoding = 4; lastKnownFileType = sourcecode.c.objc; path = Descriptor.pbobjc.m; sourceTree = "<group>"; };
		983286AA26D7D5D90002E185 /* googleapis.podspec */ = {isa = PBXFileReference; fileEncoding = 4; lastKnownFileType = text; path = googleapis.podspec; sourceTree = "<group>"; xcLanguageSpecificationIdentifier = xcode.lang.ruby; };
		983E570926EFE3DD00E2E31F /* SettingsOptions.swift */ = {isa = PBXFileReference; lastKnownFileType = sourcecode.swift; path = SettingsOptions.swift; sourceTree = "<group>"; };
		983E570B26EFE65900E2E31F /* ProfileOptions.swift */ = {isa = PBXFileReference; lastKnownFileType = sourcecode.swift; path = ProfileOptions.swift; sourceTree = "<group>"; };
		983E570F26EFE71C00E2E31F /* MoreTableViewCell.swift */ = {isa = PBXFileReference; lastKnownFileType = sourcecode.swift; path = MoreTableViewCell.swift; sourceTree = "<group>"; };
		983E571326EFE7DE00E2E31F /* Profile.swift */ = {isa = PBXFileReference; lastKnownFileType = sourcecode.swift; path = Profile.swift; sourceTree = "<group>"; };
		983E571526EFED7A00E2E31F /* ProfileItems.swift */ = {isa = PBXFileReference; lastKnownFileType = sourcecode.swift; path = ProfileItems.swift; sourceTree = "<group>"; };
		983E571726F115BB00E2E31F /* TranscriptionManager.swift */ = {isa = PBXFileReference; lastKnownFileType = sourcecode.swift; path = TranscriptionManager.swift; sourceTree = "<group>"; };
		983E57B22703CDC200E2E31F /* SpeechRecognitionManager.swift */ = {isa = PBXFileReference; lastKnownFileType = sourcecode.swift; path = SpeechRecognitionManager.swift; sourceTree = "<group>"; };
		984C68DA26CAB84C0046ED58 /* Alert.swift */ = {isa = PBXFileReference; lastKnownFileType = sourcecode.swift; path = Alert.swift; sourceTree = "<group>"; };
		984C690C26CB54E60046ED58 /* AuthManager.swift */ = {isa = PBXFileReference; lastKnownFileType = sourcecode.swift; path = AuthManager.swift; sourceTree = "<group>"; };
		984EDF9426C1818E00DBA40C /* CustomNavigationViewController.swift */ = {isa = PBXFileReference; lastKnownFileType = sourcecode.swift; path = CustomNavigationViewController.swift; sourceTree = "<group>"; };
		984EDF9A26C1942C00DBA40C /* Swipe.swift */ = {isa = PBXFileReference; lastKnownFileType = sourcecode.swift; path = Swipe.swift; sourceTree = "<group>"; };
		984EDFA026C1951A00DBA40C /* SwiperCollectionViewCell.swift */ = {isa = PBXFileReference; lastKnownFileType = sourcecode.swift; path = SwiperCollectionViewCell.swift; sourceTree = "<group>"; };
		984EDFB326C1C34200DBA40C /* Auth.storyboard */ = {isa = PBXFileReference; fileEncoding = 4; lastKnownFileType = file.storyboard; path = Auth.storyboard; sourceTree = "<group>"; };
		986BB3E626B8A45D00D6E492 /* VR_App.app */ = {isa = PBXFileReference; explicitFileType = wrapper.application; includeInIndex = 0; path = VR_App.app; sourceTree = BUILT_PRODUCTS_DIR; };
		986BB3E926B8A45D00D6E492 /* AppDelegate.swift */ = {isa = PBXFileReference; lastKnownFileType = sourcecode.swift; path = AppDelegate.swift; sourceTree = "<group>"; };
		986BB3EB26B8A45D00D6E492 /* SceneDelegate.swift */ = {isa = PBXFileReference; lastKnownFileType = sourcecode.swift; path = SceneDelegate.swift; sourceTree = "<group>"; };
		986BB3ED26B8A45D00D6E492 /* LoadingViewController.swift */ = {isa = PBXFileReference; lastKnownFileType = sourcecode.swift; path = LoadingViewController.swift; sourceTree = "<group>"; };
		986BB3F026B8A45D00D6E492 /* Base */ = {isa = PBXFileReference; lastKnownFileType = file.storyboard; name = Base; path = Base.lproj/Main.storyboard; sourceTree = "<group>"; };
		986BB3F326B8A45D00D6E492 /* VR_App.xcdatamodel */ = {isa = PBXFileReference; lastKnownFileType = wrapper.xcdatamodel; path = VR_App.xcdatamodel; sourceTree = "<group>"; };
		986BB3F526B8A46200D6E492 /* Assets.xcassets */ = {isa = PBXFileReference; lastKnownFileType = folder.assetcatalog; path = Assets.xcassets; sourceTree = "<group>"; };
		986BB3F826B8A46200D6E492 /* Base */ = {isa = PBXFileReference; lastKnownFileType = file.storyboard; name = Base; path = Base.lproj/LaunchScreen.storyboard; sourceTree = "<group>"; };
		986BB3FA26B8A46200D6E492 /* Info.plist */ = {isa = PBXFileReference; lastKnownFileType = text.plist.xml; path = Info.plist; sourceTree = "<group>"; };
		986BB3FF26B8A46200D6E492 /* VR_AppTests.xctest */ = {isa = PBXFileReference; explicitFileType = wrapper.cfbundle; includeInIndex = 0; path = VR_AppTests.xctest; sourceTree = BUILT_PRODUCTS_DIR; };
		986BB40326B8A46200D6E492 /* VR_AppTests.swift */ = {isa = PBXFileReference; lastKnownFileType = sourcecode.swift; path = VR_AppTests.swift; sourceTree = "<group>"; };
		986BB40526B8A46200D6E492 /* Info.plist */ = {isa = PBXFileReference; lastKnownFileType = text.plist.xml; path = Info.plist; sourceTree = "<group>"; };
		986BB40A26B8A46200D6E492 /* VR_AppUITests.xctest */ = {isa = PBXFileReference; explicitFileType = wrapper.cfbundle; includeInIndex = 0; path = VR_AppUITests.xctest; sourceTree = BUILT_PRODUCTS_DIR; };
		986BB40E26B8A46200D6E492 /* VR_AppUITests.swift */ = {isa = PBXFileReference; lastKnownFileType = sourcecode.swift; path = VR_AppUITests.swift; sourceTree = "<group>"; };
		986BB41026B8A46200D6E492 /* Info.plist */ = {isa = PBXFileReference; lastKnownFileType = text.plist.xml; path = Info.plist; sourceTree = "<group>"; };
		987B64F126CF2D2B003F21A8 /* GoogleService-Info.plist */ = {isa = PBXFileReference; fileEncoding = 4; lastKnownFileType = text.plist.xml; path = "GoogleService-Info.plist"; sourceTree = "<group>"; };
		987B64F326D00E8B003F21A8 /* client_675781880683-vmst0ctj63uvii5kmps89bhotjsj5r4h.apps.googleusercontent.com.plist */ = {isa = PBXFileReference; fileEncoding = 4; lastKnownFileType = text.plist.xml; path = "client_675781880683-vmst0ctj63uvii5kmps89bhotjsj5r4h.apps.googleusercontent.com.plist"; sourceTree = "<group>"; };
		987B64F526D04DD0003F21A8 /* UserDefaultManager.swift */ = {isa = PBXFileReference; lastKnownFileType = sourcecode.swift; path = UserDefaultManager.swift; sourceTree = "<group>"; };
		987F628C270545FC0043A247 /* ForgotPasswordViewController.swift */ = {isa = PBXFileReference; lastKnownFileType = sourcecode.swift; path = ForgotPasswordViewController.swift; sourceTree = "<group>"; };
		987F628E27064C630043A247 /* Section.swift */ = {isa = PBXFileReference; lastKnownFileType = sourcecode.swift; path = Section.swift; sourceTree = "<group>"; };
		987F6293270A4A0C0043A247 /* ProfileViewController.swift */ = {isa = PBXFileReference; lastKnownFileType = sourcecode.swift; path = ProfileViewController.swift; sourceTree = "<group>"; };
		987F6297270A4DDD0043A247 /* ProfileTableViewCell.swift */ = {isa = PBXFileReference; lastKnownFileType = sourcecode.swift; path = ProfileTableViewCell.swift; sourceTree = "<group>"; };
		987F6299270D062C0043A247 /* RecordingRecognitionManager.swift */ = {isa = PBXFileReference; lastKnownFileType = sourcecode.swift; path = RecordingRecognitionManager.swift; sourceTree = "<group>"; };
		988B499726CDC98900EC7DAE /* CoreDataManager.swift */ = {isa = PBXFileReference; lastKnownFileType = sourcecode.swift; path = CoreDataManager.swift; sourceTree = "<group>"; };
		989BE05A26C4332500A2F4CB /* Transcript.swift */ = {isa = PBXFileReference; lastKnownFileType = sourcecode.swift; path = Transcript.swift; sourceTree = "<group>"; };
		98A1262926E9074700896A5C /* TranscriptionTableViewCell.swift */ = {isa = PBXFileReference; lastKnownFileType = sourcecode.swift; path = TranscriptionTableViewCell.swift; sourceTree = "<group>"; };
		98A1262B26E912EA00896A5C /* DetailedTranscriptionViewController.swift */ = {isa = PBXFileReference; lastKnownFileType = sourcecode.swift; path = DetailedTranscriptionViewController.swift; sourceTree = "<group>"; };
		98A1262D26EA27B900896A5C /* CustomUITabBarController.swift */ = {isa = PBXFileReference; lastKnownFileType = sourcecode.swift; path = CustomUITabBarController.swift; sourceTree = "<group>"; };
		98A1262F26EAF3E600896A5C /* Date+Extension.swift */ = {isa = PBXFileReference; lastKnownFileType = sourcecode.swift; path = "Date+Extension.swift"; sourceTree = "<group>"; };
		98BB31C726CC05C100A6439D /* UserDefaults+Extension.swift */ = {isa = PBXFileReference; lastKnownFileType = sourcecode.swift; path = "UserDefaults+Extension.swift"; sourceTree = "<group>"; };
		98BB31CE26CC2BF100A6439D /* Actor.swift */ = {isa = PBXFileReference; lastKnownFileType = sourcecode.swift; path = Actor.swift; sourceTree = "<group>"; };
		98FD197E26C54C00009C4A5F /* Validate.swift */ = {isa = PBXFileReference; lastKnownFileType = sourcecode.swift; path = Validate.swift; sourceTree = "<group>"; };
		F267C99AB5379816744CED76 /* Pods_VR_App.framework */ = {isa = PBXFileReference; explicitFileType = wrapper.framework; includeInIndex = 0; path = Pods_VR_App.framework; sourceTree = BUILT_PRODUCTS_DIR; };
/* End PBXFileReference section */

/* Begin PBXFrameworksBuildPhase section */
		986BB3E326B8A45D00D6E492 /* Frameworks */ = {
			isa = PBXFrameworksBuildPhase;
			buildActionMask = 2147483647;
			files = (
				BBDE20820ABEFA8F941788A0 /* Pods_VR_App.framework in Frameworks */,
			);
			runOnlyForDeploymentPostprocessing = 0;
		};
		986BB3FC26B8A46200D6E492 /* Frameworks */ = {
			isa = PBXFrameworksBuildPhase;
			buildActionMask = 2147483647;
			files = (
			);
			runOnlyForDeploymentPostprocessing = 0;
		};
		986BB40726B8A46200D6E492 /* Frameworks */ = {
			isa = PBXFrameworksBuildPhase;
			buildActionMask = 2147483647;
			files = (
			);
			runOnlyForDeploymentPostprocessing = 0;
		};
/* End PBXFrameworksBuildPhase section */

/* Begin PBXGroup section */
		81F672BD38C642C7B3E7EAE8 /* Frameworks */ = {
			isa = PBXGroup;
			children = (
				F267C99AB5379816744CED76 /* Pods_VR_App.framework */,
			);
			name = Frameworks;
			sourceTree = "<group>";
		};
		980C9F4B26D831DE0043F3E3 /* sources */ = {
			isa = PBXGroup;
			children = (
				980C9F4C26D832100043F3E3 /* Bridging-Header.h */,
			);
			path = sources;
			sourceTree = "<group>";
		};
		982CCC5F26BA2B9500E260E3 /* helper */ = {
			isa = PBXGroup;
			children = (
				982CCC6026BA2BC900E260E3 /* helper.swift */,
				982CCC6826BA305200E260E3 /* constants.swift */,
			);
			path = helper;
			sourceTree = "<group>";
		};
		982CCC6D26BA993A00E260E3 /* custom */ = {
			isa = PBXGroup;
			children = (
				984EDF9426C1818E00DBA40C /* CustomNavigationViewController.swift */,
				984C68DA26CAB84C0046ED58 /* Alert.swift */,
				9808544326D13E9400A8538D /* PulseAnimation.swift */,
				98A1262D26EA27B900896A5C /* CustomUITabBarController.swift */,
			);
			path = custom;
			sourceTree = "<group>";
		};
		982CCC7126BACD9A00E260E3 /* manager */ = {
			isa = PBXGroup;
			children = (
				982CCC7226BACDA900E260E3 /* PresenterManager.swift */,
				984C690C26CB54E60046ED58 /* AuthManager.swift */,
				988B499726CDC98900EC7DAE /* CoreDataManager.swift */,
				987B64F526D04DD0003F21A8 /* UserDefaultManager.swift */,
				983E571726F115BB00E2E31F /* TranscriptionManager.swift */,
				983E57B22703CDC200E2E31F /* SpeechRecognitionManager.swift */,
				987F6299270D062C0043A247 /* RecordingRecognitionManager.swift */,
			);
			path = manager;
			sourceTree = "<group>";
		};
		982CCC8526BAD92500E260E3 /* Auth */ = {
			isa = PBXGroup;
			children = (
				986BB3ED26B8A45D00D6E492 /* LoadingViewController.swift */,
				982CCCA526BAD9F600E260E3 /* OnboardingViewController.swift */,
				982CCCA026BAD9EB00E260E3 /* WelcomeViewController.swift */,
				982CCCAA26BAD9FF00E260E3 /* SignUpViewController.swift */,
				982CCCAF26BADA0900E260E3 /* SignInViewController.swift */,
				982CCCB426BADA1A00E260E3 /* GenderViewController.swift */,
				982CCCB926BADA3100E260E3 /* UserIdentityViewController.swift */,
				987F628C270545FC0043A247 /* ForgotPasswordViewController.swift */,
			);
			path = Auth;
			sourceTree = "<group>";
		};
		982CCC8626BAD93000E260E3 /* Main */ = {
			isa = PBXGroup;
			children = (
				987F6292270A49EC0043A247 /* MoreStack */,
				987F6291270A49CF0043A247 /* TranscriptionStack */,
				987F6290270A49BE0043A247 /* HomeSatck */,
				982CCC9B26BAD9D700E260E3 /* ErrorViewController.swift */,
			);
			path = Main;
			sourceTree = "<group>";
		};
		9832867926D7D57D0002E185 /* Speech */ = {
			isa = PBXGroup;
			children = (
				9832867B26D7D5C30002E185 /* AudioController.swift */,
				9832867A26D7D5C20002E185 /* SpeechRecognitionService.swift */,
				980C9F5026D895160043F3E3 /* GoogleSpeechManager.swift */,
			);
			path = Speech;
			sourceTree = "<group>";
		};
		9832867E26D7D5D70002E185 /* google */ = {
			isa = PBXGroup;
			children = (
				9832867F26D7D5D70002E185 /* longrunning */,
				9832868626D7D5D70002E185 /* cloud */,
				9832868E26D7D5D70002E185 /* api */,
				9832869B26D7D5D70002E185 /* rpc */,
				983286A626D7D5D70002E185 /* protobuf */,
			);
			path = google;
			sourceTree = "<group>";
		};
		9832867F26D7D5D70002E185 /* longrunning */ = {
			isa = PBXGroup;
			children = (
				9832868026D7D5D70002E185 /* operations.proto */,
				9832868126D7D5D70002E185 /* Operations.pbrpc.m */,
				9832868226D7D5D70002E185 /* Operations.pbobjc.m */,
				9832868326D7D5D70002E185 /* README.md */,
				9832868426D7D5D70002E185 /* Operations.pbobjc.h */,
				9832868526D7D5D70002E185 /* Operations.pbrpc.h */,
			);
			path = longrunning;
			sourceTree = "<group>";
		};
		9832868626D7D5D70002E185 /* cloud */ = {
			isa = PBXGroup;
			children = (
				9832868726D7D5D70002E185 /* speech */,
			);
			path = cloud;
			sourceTree = "<group>";
		};
		9832868726D7D5D70002E185 /* speech */ = {
			isa = PBXGroup;
			children = (
				9832868826D7D5D70002E185 /* v1 */,
			);
			path = speech;
			sourceTree = "<group>";
		};
		9832868826D7D5D70002E185 /* v1 */ = {
			isa = PBXGroup;
			children = (
				9832868926D7D5D70002E185 /* CloudSpeech.pbobjc.h */,
				9832868A26D7D5D70002E185 /* CloudSpeech.pbrpc.h */,
				9832868B26D7D5D70002E185 /* cloud_speech.proto */,
				9832868C26D7D5D70002E185 /* CloudSpeech.pbobjc.m */,
				9832868D26D7D5D70002E185 /* CloudSpeech.pbrpc.m */,
			);
			path = v1;
			sourceTree = "<group>";
		};
		9832868E26D7D5D70002E185 /* api */ = {
			isa = PBXGroup;
			children = (
				9832868F26D7D5D70002E185 /* http.proto */,
				9832869026D7D5D70002E185 /* MonitoredResource.pbobjc.m */,
				9832869126D7D5D70002E185 /* Annotations.pbobjc.h */,
				9832869226D7D5D70002E185 /* Label.pbobjc.m */,
				9832869326D7D5D70002E185 /* HTTP.pbobjc.h */,
				9832869426D7D5D70002E185 /* monitored_resource.proto */,
				9832869526D7D5D70002E185 /* annotations.proto */,
				9832869626D7D5D70002E185 /* MonitoredResource.pbobjc.h */,
				9832869726D7D5D70002E185 /* label.proto */,
				9832869826D7D5D70002E185 /* HTTP.pbobjc.m */,
				9832869926D7D5D70002E185 /* Label.pbobjc.h */,
				9832869A26D7D5D70002E185 /* Annotations.pbobjc.m */,
			);
			path = api;
			sourceTree = "<group>";
		};
		9832869B26D7D5D70002E185 /* rpc */ = {
			isa = PBXGroup;
			children = (
				9832869C26D7D5D70002E185 /* code.proto */,
				9832869D26D7D5D70002E185 /* Status.pbobjc.h */,
				9832869E26D7D5D70002E185 /* Code.pbobjc.h */,
				9832869F26D7D5D70002E185 /* status.proto */,
				983286A026D7D5D70002E185 /* ErrorDetails.pbobjc.h */,
				983286A126D7D5D70002E185 /* README.md */,
				983286A226D7D5D70002E185 /* Code.pbobjc.m */,
				983286A326D7D5D70002E185 /* Status.pbobjc.m */,
				983286A426D7D5D70002E185 /* ErrorDetails.pbobjc.m */,
				983286A526D7D5D70002E185 /* error_details.proto */,
			);
			path = rpc;
			sourceTree = "<group>";
		};
		983286A626D7D5D70002E185 /* protobuf */ = {
			isa = PBXGroup;
			children = (
				983286A726D7D5D70002E185 /* Descriptor.pbobjc.h */,
				983286A826D7D5D70002E185 /* descriptor.proto */,
				983286A926D7D5D70002E185 /* Descriptor.pbobjc.m */,
			);
			path = protobuf;
			sourceTree = "<group>";
		};
		983E570D26EFE6C100E2E31F /* Profile */ = {
			isa = PBXGroup;
			children = (
				983E570F26EFE71C00E2E31F /* MoreTableViewCell.swift */,
				987F6297270A4DDD0043A247 /* ProfileTableViewCell.swift */,
			);
			path = Profile;
			sourceTree = "<group>";
		};
		983E570E26EFE6E000E2E31F /* Transcriptions */ = {
			isa = PBXGroup;
			children = (
				98A1262926E9074700896A5C /* TranscriptionTableViewCell.swift */,
			);
			path = Transcriptions;
			sourceTree = "<group>";
		};
		983E571126EFE76B00E2E31F /* Profile */ = {
			isa = PBXGroup;
			children = (
				983E570B26EFE65900E2E31F /* ProfileOptions.swift */,
				983E571326EFE7DE00E2E31F /* Profile.swift */,
				983E571526EFED7A00E2E31F /* ProfileItems.swift */,
				983E571226EFE7C200E2E31F /* Settings */,
				987F628E27064C630043A247 /* Section.swift */,
			);
			path = Profile;
			sourceTree = "<group>";
		};
		983E571226EFE7C200E2E31F /* Settings */ = {
			isa = PBXGroup;
			children = (
				983E570926EFE3DD00E2E31F /* SettingsOptions.swift */,
			);
			path = Settings;
			sourceTree = "<group>";
		};
		984EDF8526C1713C00DBA40C /* model */ = {
			isa = PBXGroup;
			children = (
				989BE05926C432FC00A2F4CB /* Main */,
				984EDF9926C1941100DBA40C /* Onboarding */,
			);
			path = model;
			sourceTree = "<group>";
		};
		984EDF8626C1714700DBA40C /* views */ = {
			isa = PBXGroup;
			children = (
				98A1262826E9022C00896A5C /* Main */,
				984EDF9F26C194FB00DBA40C /* Onboarding */,
			);
			path = views;
			sourceTree = "<group>";
		};
		984EDF9926C1941100DBA40C /* Onboarding */ = {
			isa = PBXGroup;
			children = (
				984EDF9A26C1942C00DBA40C /* Swipe.swift */,
				98BB31CE26CC2BF100A6439D /* Actor.swift */,
			);
			path = Onboarding;
			sourceTree = "<group>";
		};
		984EDF9F26C194FB00DBA40C /* Onboarding */ = {
			isa = PBXGroup;
			children = (
				984EDFA026C1951A00DBA40C /* SwiperCollectionViewCell.swift */,
			);
			path = Onboarding;
			sourceTree = "<group>";
		};
		986BB3DD26B8A45D00D6E492 = {
			isa = PBXGroup;
			children = (
				980C9F4B26D831DE0043F3E3 /* sources */,
				9832867E26D7D5D70002E185 /* google */,
				983286AA26D7D5D90002E185 /* googleapis.podspec */,
				986BB3E826B8A45D00D6E492 /* VR_App */,
				986BB40226B8A46200D6E492 /* VR_AppTests */,
				986BB40D26B8A46200D6E492 /* VR_AppUITests */,
				986BB3E726B8A45D00D6E492 /* Products */,
				ED6A83B58131AFE4B684E3B7 /* Pods */,
				81F672BD38C642C7B3E7EAE8 /* Frameworks */,
			);
			sourceTree = "<group>";
		};
		986BB3E726B8A45D00D6E492 /* Products */ = {
			isa = PBXGroup;
			children = (
				986BB3E626B8A45D00D6E492 /* VR_App.app */,
				986BB3FF26B8A46200D6E492 /* VR_AppTests.xctest */,
				986BB40A26B8A46200D6E492 /* VR_AppUITests.xctest */,
			);
			name = Products;
			sourceTree = "<group>";
		};
		986BB3E826B8A45D00D6E492 /* VR_App */ = {
			isa = PBXGroup;
			children = (
				9832867926D7D57D0002E185 /* Speech */,
				98FD197A26C54BA1009C4A5F /* extensions */,
				984EDF8626C1714700DBA40C /* views */,
				984EDF8526C1713C00DBA40C /* model */,
				982CCC7126BACD9A00E260E3 /* manager */,
				982CCC6D26BA993A00E260E3 /* custom */,
				982CCC5F26BA2B9500E260E3 /* helper */,
				9871161A26B8DA34001255E4 /* controller */,
				986BB3E926B8A45D00D6E492 /* AppDelegate.swift */,
				986BB3EB26B8A45D00D6E492 /* SceneDelegate.swift */,
				986BB3EF26B8A45D00D6E492 /* Main.storyboard */,
				982CCC7726BACFFB00E260E3 /* TabBar.storyboard */,
				984EDFB326C1C34200DBA40C /* Auth.storyboard */,
				986BB3F526B8A46200D6E492 /* Assets.xcassets */,
				986BB3F726B8A46200D6E492 /* LaunchScreen.storyboard */,
				987B64F326D00E8B003F21A8 /* client_675781880683-vmst0ctj63uvii5kmps89bhotjsj5r4h.apps.googleusercontent.com.plist */,
				987B64F126CF2D2B003F21A8 /* GoogleService-Info.plist */,
				986BB3FA26B8A46200D6E492 /* Info.plist */,
				986BB3F226B8A45D00D6E492 /* VR_App.xcdatamodeld */,
			);
			path = VR_App;
			sourceTree = "<group>";
		};
		986BB40226B8A46200D6E492 /* VR_AppTests */ = {
			isa = PBXGroup;
			children = (
				986BB40326B8A46200D6E492 /* VR_AppTests.swift */,
				986BB40526B8A46200D6E492 /* Info.plist */,
			);
			path = VR_AppTests;
			sourceTree = "<group>";
		};
		986BB40D26B8A46200D6E492 /* VR_AppUITests */ = {
			isa = PBXGroup;
			children = (
				986BB40E26B8A46200D6E492 /* VR_AppUITests.swift */,
				986BB41026B8A46200D6E492 /* Info.plist */,
			);
			path = VR_AppUITests;
			sourceTree = "<group>";
		};
		9871161A26B8DA34001255E4 /* controller */ = {
			isa = PBXGroup;
			children = (
				982CCC8626BAD93000E260E3 /* Main */,
				982CCC8526BAD92500E260E3 /* Auth */,
			);
			path = controller;
			sourceTree = "<group>";
		};
		987F6290270A49BE0043A247 /* HomeSatck */ = {
			isa = PBXGroup;
			children = (
				982CCC9626BAD9B400E260E3 /* RecordingViewController.swift */,
				9808544726D161A400A8538D /* NoteViewController.swift */,
				982CCC8726BAD96000E260E3 /* HomeViewController.swift */,
			);
			path = HomeSatck;
			sourceTree = "<group>";
		};
		987F6291270A49CF0043A247 /* TranscriptionStack */ = {
			isa = PBXGroup;
			children = (
				98A1262B26E912EA00896A5C /* DetailedTranscriptionViewController.swift */,
				982CCC8C26BAD97500E260E3 /* TranscriptionsViewController.swift */,
			);
			path = TranscriptionStack;
			sourceTree = "<group>";
		};
		987F6292270A49EC0043A247 /* MoreStack */ = {
			isa = PBXGroup;
			children = (
				982CCC9126BAD98E00E260E3 /* MoreViewController.swift */,
				987F6293270A4A0C0043A247 /* ProfileViewController.swift */,
			);
			path = MoreStack;
			sourceTree = "<group>";
		};
		989BE05926C432FC00A2F4CB /* Main */ = {
			isa = PBXGroup;
			children = (
				983E571126EFE76B00E2E31F /* Profile */,
				989BE05A26C4332500A2F4CB /* Transcript.swift */,
			);
			path = Main;
			sourceTree = "<group>";
		};
		98A1262826E9022C00896A5C /* Main */ = {
			isa = PBXGroup;
			children = (
				983E570E26EFE6E000E2E31F /* Transcriptions */,
				983E570D26EFE6C100E2E31F /* Profile */,
			);
			path = Main;
			sourceTree = "<group>";
		};
		98FD197A26C54BA1009C4A5F /* extensions */ = {
			isa = PBXGroup;
			children = (
				98FD197E26C54C00009C4A5F /* Validate.swift */,
				98BB31C726CC05C100A6439D /* UserDefaults+Extension.swift */,
				98A1262F26EAF3E600896A5C /* Date+Extension.swift */,
			);
			path = extensions;
			sourceTree = "<group>";
		};
		ED6A83B58131AFE4B684E3B7 /* Pods */ = {
			isa = PBXGroup;
			children = (
				2B110CD5816E554680045A1A /* Pods-VR_App.debug.xcconfig */,
				7B6377A8797A8AF8EDEE0EE7 /* Pods-VR_App.release.xcconfig */,
			);
			path = Pods;
			sourceTree = "<group>";
		};
/* End PBXGroup section */

/* Begin PBXNativeTarget section */
		986BB3E526B8A45D00D6E492 /* VR_App */ = {
			isa = PBXNativeTarget;
			buildConfigurationList = 986BB41326B8A46200D6E492 /* Build configuration list for PBXNativeTarget "VR_App" */;
			buildPhases = (
				2AA254ECCAB77B89A9C9520A /* [CP] Check Pods Manifest.lock */,
				986BB3E226B8A45D00D6E492 /* Sources */,
				986BB3E326B8A45D00D6E492 /* Frameworks */,
				986BB3E426B8A45D00D6E492 /* Resources */,
				63976745AE007EA103B45AA8 /* [CP] Embed Pods Frameworks */,
				76C4F6F10B6185C9A24CC860 /* [CP] Copy Pods Resources */,
			);
			buildRules = (
			);
			dependencies = (
			);
			name = VR_App;
			productName = VR_App;
			productReference = 986BB3E626B8A45D00D6E492 /* VR_App.app */;
			productType = "com.apple.product-type.application";
		};
		986BB3FE26B8A46200D6E492 /* VR_AppTests */ = {
			isa = PBXNativeTarget;
			buildConfigurationList = 986BB41626B8A46200D6E492 /* Build configuration list for PBXNativeTarget "VR_AppTests" */;
			buildPhases = (
				986BB3FB26B8A46200D6E492 /* Sources */,
				986BB3FC26B8A46200D6E492 /* Frameworks */,
				986BB3FD26B8A46200D6E492 /* Resources */,
			);
			buildRules = (
			);
			dependencies = (
				986BB40126B8A46200D6E492 /* PBXTargetDependency */,
			);
			name = VR_AppTests;
			productName = VR_AppTests;
			productReference = 986BB3FF26B8A46200D6E492 /* VR_AppTests.xctest */;
			productType = "com.apple.product-type.bundle.unit-test";
		};
		986BB40926B8A46200D6E492 /* VR_AppUITests */ = {
			isa = PBXNativeTarget;
			buildConfigurationList = 986BB41926B8A46200D6E492 /* Build configuration list for PBXNativeTarget "VR_AppUITests" */;
			buildPhases = (
				986BB40626B8A46200D6E492 /* Sources */,
				986BB40726B8A46200D6E492 /* Frameworks */,
				986BB40826B8A46200D6E492 /* Resources */,
			);
			buildRules = (
			);
			dependencies = (
				986BB40C26B8A46200D6E492 /* PBXTargetDependency */,
			);
			name = VR_AppUITests;
			productName = VR_AppUITests;
			productReference = 986BB40A26B8A46200D6E492 /* VR_AppUITests.xctest */;
			productType = "com.apple.product-type.bundle.ui-testing";
		};
/* End PBXNativeTarget section */

/* Begin PBXProject section */
		986BB3DE26B8A45D00D6E492 /* Project object */ = {
			isa = PBXProject;
			attributes = {
				LastSwiftUpdateCheck = 1240;
				LastUpgradeCheck = 1240;
				TargetAttributes = {
					986BB3E526B8A45D00D6E492 = {
						CreatedOnToolsVersion = 12.4;
					};
					986BB3FE26B8A46200D6E492 = {
						CreatedOnToolsVersion = 12.4;
						TestTargetID = 986BB3E526B8A45D00D6E492;
					};
					986BB40926B8A46200D6E492 = {
						CreatedOnToolsVersion = 12.4;
						TestTargetID = 986BB3E526B8A45D00D6E492;
					};
				};
			};
			buildConfigurationList = 986BB3E126B8A45D00D6E492 /* Build configuration list for PBXProject "VR_App" */;
			compatibilityVersion = "Xcode 9.3";
			developmentRegion = en;
			hasScannedForEncodings = 0;
			knownRegions = (
				en,
				Base,
			);
			mainGroup = 986BB3DD26B8A45D00D6E492;
			productRefGroup = 986BB3E726B8A45D00D6E492 /* Products */;
			projectDirPath = "";
			projectRoot = "";
			targets = (
				986BB3E526B8A45D00D6E492 /* VR_App */,
				986BB3FE26B8A46200D6E492 /* VR_AppTests */,
				986BB40926B8A46200D6E492 /* VR_AppUITests */,
			);
		};
/* End PBXProject section */

/* Begin PBXResourcesBuildPhase section */
		986BB3E426B8A45D00D6E492 /* Resources */ = {
			isa = PBXResourcesBuildPhase;
			buildActionMask = 2147483647;
			files = (
				980C9F4F26D88F210043F3E3 /* GoogleService-Info.plist in Resources */,
				982CCC7826BACFFB00E260E3 /* TabBar.storyboard in Resources */,
				986BB3F926B8A46200D6E492 /* LaunchScreen.storyboard in Resources */,
				984EDFB426C1C34200DBA40C /* Auth.storyboard in Resources */,
				986BB3F626B8A46200D6E492 /* Assets.xcassets in Resources */,
				987B64F426D00E8C003F21A8 /* client_675781880683-vmst0ctj63uvii5kmps89bhotjsj5r4h.apps.googleusercontent.com.plist in Resources */,
				986BB3F126B8A45D00D6E492 /* Main.storyboard in Resources */,
				983286BC26D7D5DA0002E185 /* README.md in Resources */,
			);
			runOnlyForDeploymentPostprocessing = 0;
		};
		986BB3FD26B8A46200D6E492 /* Resources */ = {
			isa = PBXResourcesBuildPhase;
			buildActionMask = 2147483647;
			files = (
				984EDFB526C1C34200DBA40C /* Auth.storyboard in Resources */,
			);
			runOnlyForDeploymentPostprocessing = 0;
		};
		986BB40826B8A46200D6E492 /* Resources */ = {
			isa = PBXResourcesBuildPhase;
			buildActionMask = 2147483647;
			files = (
				984EDFB626C1C34200DBA40C /* Auth.storyboard in Resources */,
			);
			runOnlyForDeploymentPostprocessing = 0;
		};
/* End PBXResourcesBuildPhase section */

/* Begin PBXShellScriptBuildPhase section */
		2AA254ECCAB77B89A9C9520A /* [CP] Check Pods Manifest.lock */ = {
			isa = PBXShellScriptBuildPhase;
			buildActionMask = 2147483647;
			files = (
			);
			inputFileListPaths = (
			);
			inputPaths = (
				"${PODS_PODFILE_DIR_PATH}/Podfile.lock",
				"${PODS_ROOT}/Manifest.lock",
			);
			name = "[CP] Check Pods Manifest.lock";
			outputFileListPaths = (
			);
			outputPaths = (
				"$(DERIVED_FILE_DIR)/Pods-VR_App-checkManifestLockResult.txt",
			);
			runOnlyForDeploymentPostprocessing = 0;
			shellPath = /bin/sh;
			shellScript = "diff \"${PODS_PODFILE_DIR_PATH}/Podfile.lock\" \"${PODS_ROOT}/Manifest.lock\" > /dev/null\nif [ $? != 0 ] ; then\n    # print error to STDERR\n    echo \"error: The sandbox is not in sync with the Podfile.lock. Run 'pod install' or update your CocoaPods installation.\" >&2\n    exit 1\nfi\n# This output is used by Xcode 'outputs' to avoid re-running this script phase.\necho \"SUCCESS\" > \"${SCRIPT_OUTPUT_FILE_0}\"\n";
			showEnvVarsInLog = 0;
		};
		63976745AE007EA103B45AA8 /* [CP] Embed Pods Frameworks */ = {
			isa = PBXShellScriptBuildPhase;
			buildActionMask = 2147483647;
			files = (
			);
			inputFileListPaths = (
				"${PODS_ROOT}/Target Support Files/Pods-VR_App/Pods-VR_App-frameworks-${CONFIGURATION}-input-files.xcfilelist",
			);
			name = "[CP] Embed Pods Frameworks";
			outputFileListPaths = (
				"${PODS_ROOT}/Target Support Files/Pods-VR_App/Pods-VR_App-frameworks-${CONFIGURATION}-output-files.xcfilelist",
			);
			runOnlyForDeploymentPostprocessing = 0;
			shellPath = /bin/sh;
			shellScript = "\"${PODS_ROOT}/Target Support Files/Pods-VR_App/Pods-VR_App-frameworks.sh\"\n";
			showEnvVarsInLog = 0;
		};
		76C4F6F10B6185C9A24CC860 /* [CP] Copy Pods Resources */ = {
			isa = PBXShellScriptBuildPhase;
			buildActionMask = 2147483647;
			files = (
			);
			inputFileListPaths = (
				"${PODS_ROOT}/Target Support Files/Pods-VR_App/Pods-VR_App-resources-${CONFIGURATION}-input-files.xcfilelist",
			);
			name = "[CP] Copy Pods Resources";
			outputFileListPaths = (
				"${PODS_ROOT}/Target Support Files/Pods-VR_App/Pods-VR_App-resources-${CONFIGURATION}-output-files.xcfilelist",
			);
			runOnlyForDeploymentPostprocessing = 0;
			shellPath = /bin/sh;
			shellScript = "\"${PODS_ROOT}/Target Support Files/Pods-VR_App/Pods-VR_App-resources.sh\"\n";
			showEnvVarsInLog = 0;
		};
/* End PBXShellScriptBuildPhase section */

/* Begin PBXSourcesBuildPhase section */
		986BB3E226B8A45D00D6E492 /* Sources */ = {
			isa = PBXSourcesBuildPhase;
			buildActionMask = 2147483647;
			files = (
				986BB3EE26B8A45D00D6E492 /* LoadingViewController.swift in Sources */,
				982CCC9C26BAD9D700E260E3 /* ErrorViewController.swift in Sources */,
				983E571826F115BB00E2E31F /* TranscriptionManager.swift in Sources */,
				984EDF9B26C1942C00DBA40C /* Swipe.swift in Sources */,
				9832867C26D7D5C30002E185 /* SpeechRecognitionService.swift in Sources */,
				986BB3EA26B8A45D00D6E492 /* AppDelegate.swift in Sources */,
				98A1263026EAF3E600896A5C /* Date+Extension.swift in Sources */,
				987B64F626D04DD0003F21A8 /* UserDefaultManager.swift in Sources */,
				982CCC8D26BAD97500E260E3 /* TranscriptionsViewController.swift in Sources */,
				984EDF9526C1818E00DBA40C /* CustomNavigationViewController.swift in Sources */,
				983E570C26EFE65900E2E31F /* ProfileOptions.swift in Sources */,
				984C68DB26CAB84C0046ED58 /* Alert.swift in Sources */,
				98A1262A26E9074700896A5C /* TranscriptionTableViewCell.swift in Sources */,
				983286B726D7D5DA0002E185 /* label.proto in Sources */,
				982CCC9226BAD98E00E260E3 /* MoreViewController.swift in Sources */,
				987F628F27064C630043A247 /* Section.swift in Sources */,
				983E570A26EFE3DD00E2E31F /* SettingsOptions.swift in Sources */,
				982CCCB526BADA1A00E260E3 /* GenderViewController.swift in Sources */,
				986BB3EC26B8A45D00D6E492 /* SceneDelegate.swift in Sources */,
				982CCCA126BAD9EB00E260E3 /* WelcomeViewController.swift in Sources */,
				983286B826D7D5DA0002E185 /* HTTP.pbobjc.m in Sources */,
				983286B326D7D5DA0002E185 /* MonitoredResource.pbobjc.m in Sources */,
				982CCC8826BAD96000E260E3 /* HomeViewController.swift in Sources */,
				982CCC6126BA2BC900E260E3 /* helper.swift in Sources */,
				98FD197F26C54C00009C4A5F /* Validate.swift in Sources */,
				983286AD26D7D5DA0002E185 /* Operations.pbobjc.m in Sources */,
				98A1262E26EA27BA00896A5C /* CustomUITabBarController.swift in Sources */,
				9808544826D161A400A8538D /* NoteViewController.swift in Sources */,
				982CCCAB26BAD9FF00E260E3 /* SignUpViewController.swift in Sources */,
				987F628D270545FC0043A247 /* ForgotPasswordViewController.swift in Sources */,
				983286BF26D7D5DA0002E185 /* ErrorDetails.pbobjc.m in Sources */,
				987F629A270D062D0043A247 /* RecordingRecognitionManager.swift in Sources */,
				983286C126D7D5DA0002E185 /* descriptor.proto in Sources */,
				987F6294270A4A0C0043A247 /* ProfileViewController.swift in Sources */,
				983286AF26D7D5DA0002E185 /* cloud_speech.proto in Sources */,
				983286BA26D7D5DA0002E185 /* code.proto in Sources */,
				98BB31CF26CC2BF100A6439D /* Actor.swift in Sources */,
				987F6298270A4DDD0043A247 /* ProfileTableViewCell.swift in Sources */,
				983286BD26D7D5DA0002E185 /* Code.pbobjc.m in Sources */,
				980C9F5126D895160043F3E3 /* GoogleSpeechManager.swift in Sources */,
				982CCC9726BAD9B400E260E3 /* RecordingViewController.swift in Sources */,
				983286BB26D7D5DA0002E185 /* status.proto in Sources */,
				983286C226D7D5DA0002E185 /* Descriptor.pbobjc.m in Sources */,
				986BB3F426B8A45D00D6E492 /* VR_App.xcdatamodeld in Sources */,
				983286B926D7D5DA0002E185 /* Annotations.pbobjc.m in Sources */,
				982CCCB026BADA0900E260E3 /* SignInViewController.swift in Sources */,
				983286C026D7D5DA0002E185 /* error_details.proto in Sources */,
				983E571626EFED7A00E2E31F /* ProfileItems.swift in Sources */,
				983286B126D7D5DA0002E185 /* CloudSpeech.pbrpc.m in Sources */,
				983286B026D7D5DA0002E185 /* CloudSpeech.pbobjc.m in Sources */,
				983286AB26D7D5DA0002E185 /* operations.proto in Sources */,
				9832867D26D7D5C30002E185 /* AudioController.swift in Sources */,
				982CCCA626BAD9F600E260E3 /* OnboardingViewController.swift in Sources */,
				982CCC7326BACDA900E260E3 /* PresenterManager.swift in Sources */,
				984EDFA126C1951A00DBA40C /* SwiperCollectionViewCell.swift in Sources */,
				982CCCBA26BADA3100E260E3 /* UserIdentityViewController.swift in Sources */,
				983286BE26D7D5DA0002E185 /* Status.pbobjc.m in Sources */,
				98BB31C826CC05C100A6439D /* UserDefaults+Extension.swift in Sources */,
				982CCC6926BA305200E260E3 /* constants.swift in Sources */,
				983286AC26D7D5DA0002E185 /* Operations.pbrpc.m in Sources */,
				983286B526D7D5DA0002E185 /* monitored_resource.proto in Sources */,
				983286B626D7D5DA0002E185 /* annotations.proto in Sources */,
				989BE05B26C4332500A2F4CB /* Transcript.swift in Sources */,
				983286B426D7D5DA0002E185 /* Label.pbobjc.m in Sources */,
				983E571426EFE7DE00E2E31F /* Profile.swift in Sources */,
				983E571026EFE71C00E2E31F /* MoreTableViewCell.swift in Sources */,
				983286B226D7D5DA0002E185 /* http.proto in Sources */,
				988B499826CDC98900EC7DAE /* CoreDataManager.swift in Sources */,
				9808544426D13E9400A8538D /* PulseAnimation.swift in Sources */,
				984C690D26CB54E60046ED58 /* AuthManager.swift in Sources */,
				98A1262C26E912EA00896A5C /* DetailedTranscriptionViewController.swift in Sources */,
				983E57B32703CDC200E2E31F /* SpeechRecognitionManager.swift in Sources */,
			);
			runOnlyForDeploymentPostprocessing = 0;
		};
		986BB3FB26B8A46200D6E492 /* Sources */ = {
			isa = PBXSourcesBuildPhase;
			buildActionMask = 2147483647;
			files = (
				986BB40426B8A46200D6E492 /* VR_AppTests.swift in Sources */,
			);
			runOnlyForDeploymentPostprocessing = 0;
		};
		986BB40626B8A46200D6E492 /* Sources */ = {
			isa = PBXSourcesBuildPhase;
			buildActionMask = 2147483647;
			files = (
				986BB40F26B8A46200D6E492 /* VR_AppUITests.swift in Sources */,
			);
			runOnlyForDeploymentPostprocessing = 0;
		};
/* End PBXSourcesBuildPhase section */

/* Begin PBXTargetDependency section */
		986BB40126B8A46200D6E492 /* PBXTargetDependency */ = {
			isa = PBXTargetDependency;
			target = 986BB3E526B8A45D00D6E492 /* VR_App */;
			targetProxy = 986BB40026B8A46200D6E492 /* PBXContainerItemProxy */;
		};
		986BB40C26B8A46200D6E492 /* PBXTargetDependency */ = {
			isa = PBXTargetDependency;
			target = 986BB3E526B8A45D00D6E492 /* VR_App */;
			targetProxy = 986BB40B26B8A46200D6E492 /* PBXContainerItemProxy */;
		};
/* End PBXTargetDependency section */

/* Begin PBXVariantGroup section */
		986BB3EF26B8A45D00D6E492 /* Main.storyboard */ = {
			isa = PBXVariantGroup;
			children = (
				986BB3F026B8A45D00D6E492 /* Base */,
			);
			name = Main.storyboard;
			sourceTree = "<group>";
		};
		986BB3F726B8A46200D6E492 /* LaunchScreen.storyboard */ = {
			isa = PBXVariantGroup;
			children = (
				986BB3F826B8A46200D6E492 /* Base */,
			);
			name = LaunchScreen.storyboard;
			sourceTree = "<group>";
		};
/* End PBXVariantGroup section */

/* Begin XCBuildConfiguration section */
		986BB41126B8A46200D6E492 /* Debug */ = {
			isa = XCBuildConfiguration;
			buildSettings = {
				ALWAYS_SEARCH_USER_PATHS = NO;
				CLANG_ANALYZER_NONNULL = YES;
				CLANG_ANALYZER_NUMBER_OBJECT_CONVERSION = YES_AGGRESSIVE;
				CLANG_CXX_LANGUAGE_STANDARD = "gnu++14";
				CLANG_CXX_LIBRARY = "libc++";
				CLANG_ENABLE_MODULES = YES;
				CLANG_ENABLE_OBJC_ARC = YES;
				CLANG_ENABLE_OBJC_WEAK = YES;
				CLANG_WARN_BLOCK_CAPTURE_AUTORELEASING = YES;
				CLANG_WARN_BOOL_CONVERSION = YES;
				CLANG_WARN_COMMA = YES;
				CLANG_WARN_CONSTANT_CONVERSION = YES;
				CLANG_WARN_DEPRECATED_OBJC_IMPLEMENTATIONS = YES;
				CLANG_WARN_DIRECT_OBJC_ISA_USAGE = YES_ERROR;
				CLANG_WARN_DOCUMENTATION_COMMENTS = YES;
				CLANG_WARN_EMPTY_BODY = YES;
				CLANG_WARN_ENUM_CONVERSION = YES;
				CLANG_WARN_INFINITE_RECURSION = YES;
				CLANG_WARN_INT_CONVERSION = YES;
				CLANG_WARN_NON_LITERAL_NULL_CONVERSION = YES;
				CLANG_WARN_OBJC_IMPLICIT_RETAIN_SELF = YES;
				CLANG_WARN_OBJC_LITERAL_CONVERSION = YES;
				CLANG_WARN_OBJC_ROOT_CLASS = YES_ERROR;
				CLANG_WARN_QUOTED_INCLUDE_IN_FRAMEWORK_HEADER = YES;
				CLANG_WARN_RANGE_LOOP_ANALYSIS = YES;
				CLANG_WARN_STRICT_PROTOTYPES = YES;
				CLANG_WARN_SUSPICIOUS_MOVE = YES;
				CLANG_WARN_UNGUARDED_AVAILABILITY = YES_AGGRESSIVE;
				CLANG_WARN_UNREACHABLE_CODE = YES;
				CLANG_WARN__DUPLICATE_METHOD_MATCH = YES;
				COPY_PHASE_STRIP = NO;
				DEBUG_INFORMATION_FORMAT = dwarf;
				ENABLE_STRICT_OBJC_MSGSEND = YES;
				ENABLE_TESTABILITY = YES;
				GCC_C_LANGUAGE_STANDARD = gnu11;
				GCC_DYNAMIC_NO_PIC = NO;
				GCC_NO_COMMON_BLOCKS = YES;
				GCC_OPTIMIZATION_LEVEL = 0;
				GCC_PREPROCESSOR_DEFINITIONS = (
					"DEBUG=1",
					"$(inherited)",
				);
				GCC_WARN_64_TO_32_BIT_CONVERSION = YES;
				GCC_WARN_ABOUT_RETURN_TYPE = YES_ERROR;
				GCC_WARN_UNDECLARED_SELECTOR = YES;
				GCC_WARN_UNINITIALIZED_AUTOS = YES_AGGRESSIVE;
				GCC_WARN_UNUSED_FUNCTION = YES;
				GCC_WARN_UNUSED_VARIABLE = YES;
				IPHONEOS_DEPLOYMENT_TARGET = 14.4;
				MTL_ENABLE_DEBUG_INFO = INCLUDE_SOURCE;
				MTL_FAST_MATH = YES;
				ONLY_ACTIVE_ARCH = YES;
				SDKROOT = iphoneos;
				SWIFT_ACTIVE_COMPILATION_CONDITIONS = DEBUG;
				SWIFT_OPTIMIZATION_LEVEL = "-Onone";
			};
			name = Debug;
		};
		986BB41226B8A46200D6E492 /* Release */ = {
			isa = XCBuildConfiguration;
			buildSettings = {
				ALWAYS_SEARCH_USER_PATHS = NO;
				CLANG_ANALYZER_NONNULL = YES;
				CLANG_ANALYZER_NUMBER_OBJECT_CONVERSION = YES_AGGRESSIVE;
				CLANG_CXX_LANGUAGE_STANDARD = "gnu++14";
				CLANG_CXX_LIBRARY = "libc++";
				CLANG_ENABLE_MODULES = YES;
				CLANG_ENABLE_OBJC_ARC = YES;
				CLANG_ENABLE_OBJC_WEAK = YES;
				CLANG_WARN_BLOCK_CAPTURE_AUTORELEASING = YES;
				CLANG_WARN_BOOL_CONVERSION = YES;
				CLANG_WARN_COMMA = YES;
				CLANG_WARN_CONSTANT_CONVERSION = YES;
				CLANG_WARN_DEPRECATED_OBJC_IMPLEMENTATIONS = YES;
				CLANG_WARN_DIRECT_OBJC_ISA_USAGE = YES_ERROR;
				CLANG_WARN_DOCUMENTATION_COMMENTS = YES;
				CLANG_WARN_EMPTY_BODY = YES;
				CLANG_WARN_ENUM_CONVERSION = YES;
				CLANG_WARN_INFINITE_RECURSION = YES;
				CLANG_WARN_INT_CONVERSION = YES;
				CLANG_WARN_NON_LITERAL_NULL_CONVERSION = YES;
				CLANG_WARN_OBJC_IMPLICIT_RETAIN_SELF = YES;
				CLANG_WARN_OBJC_LITERAL_CONVERSION = YES;
				CLANG_WARN_OBJC_ROOT_CLASS = YES_ERROR;
				CLANG_WARN_QUOTED_INCLUDE_IN_FRAMEWORK_HEADER = YES;
				CLANG_WARN_RANGE_LOOP_ANALYSIS = YES;
				CLANG_WARN_STRICT_PROTOTYPES = YES;
				CLANG_WARN_SUSPICIOUS_MOVE = YES;
				CLANG_WARN_UNGUARDED_AVAILABILITY = YES_AGGRESSIVE;
				CLANG_WARN_UNREACHABLE_CODE = YES;
				CLANG_WARN__DUPLICATE_METHOD_MATCH = YES;
				COPY_PHASE_STRIP = NO;
				DEBUG_INFORMATION_FORMAT = "dwarf-with-dsym";
				ENABLE_NS_ASSERTIONS = NO;
				ENABLE_STRICT_OBJC_MSGSEND = YES;
				GCC_C_LANGUAGE_STANDARD = gnu11;
				GCC_NO_COMMON_BLOCKS = YES;
				GCC_WARN_64_TO_32_BIT_CONVERSION = YES;
				GCC_WARN_ABOUT_RETURN_TYPE = YES_ERROR;
				GCC_WARN_UNDECLARED_SELECTOR = YES;
				GCC_WARN_UNINITIALIZED_AUTOS = YES_AGGRESSIVE;
				GCC_WARN_UNUSED_FUNCTION = YES;
				GCC_WARN_UNUSED_VARIABLE = YES;
				IPHONEOS_DEPLOYMENT_TARGET = 14.4;
				MTL_ENABLE_DEBUG_INFO = NO;
				MTL_FAST_MATH = YES;
				SDKROOT = iphoneos;
				SWIFT_COMPILATION_MODE = wholemodule;
				SWIFT_OPTIMIZATION_LEVEL = "-O";
				VALIDATE_PRODUCT = YES;
			};
			name = Release;
		};
		986BB41426B8A46200D6E492 /* Debug */ = {
			isa = XCBuildConfiguration;
			baseConfigurationReference = 2B110CD5816E554680045A1A /* Pods-VR_App.debug.xcconfig */;
			buildSettings = {
				ASSETCATALOG_COMPILER_APPICON_NAME = AppIcon;
				ASSETCATALOG_COMPILER_GLOBAL_ACCENT_COLOR_NAME = AccentColor;
				CLANG_ENABLE_OBJC_ARC = NO;
				CODE_SIGN_STYLE = Automatic;
				DEVELOPMENT_TEAM = 445LZL99JS;
				INFOPLIST_FILE = VR_App/Info.plist;
				IPHONEOS_DEPLOYMENT_TARGET = 13.0;
				LD_RUNPATH_SEARCH_PATHS = (
					"$(inherited)",
					"@executable_path/Frameworks",
				);
				PRODUCT_BUNDLE_IDENTIFIER = com.project.babble;
				PRODUCT_NAME = "$(TARGET_NAME)";
				SWIFT_OBJC_BRIDGING_HEADER = "sources/Bridging-Header.h";
				SWIFT_VERSION = 5.0;
				TARGETED_DEVICE_FAMILY = 1;
			};
			name = Debug;
		};
		986BB41526B8A46200D6E492 /* Release */ = {
			isa = XCBuildConfiguration;
			baseConfigurationReference = 7B6377A8797A8AF8EDEE0EE7 /* Pods-VR_App.release.xcconfig */;
			buildSettings = {
				ASSETCATALOG_COMPILER_APPICON_NAME = AppIcon;
				ASSETCATALOG_COMPILER_GLOBAL_ACCENT_COLOR_NAME = AccentColor;
				CLANG_ENABLE_OBJC_ARC = NO;
				CODE_SIGN_STYLE = Automatic;
				DEVELOPMENT_TEAM = 445LZL99JS;
				INFOPLIST_FILE = VR_App/Info.plist;
				IPHONEOS_DEPLOYMENT_TARGET = 13.0;
				LD_RUNPATH_SEARCH_PATHS = (
					"$(inherited)",
					"@executable_path/Frameworks",
				);
				PRODUCT_BUNDLE_IDENTIFIER = com.project.babble;
				PRODUCT_NAME = "$(TARGET_NAME)";
				SWIFT_OBJC_BRIDGING_HEADER = "sources/Bridging-Header.h";
				SWIFT_VERSION = 5.0;
				TARGETED_DEVICE_FAMILY = 1;
			};
			name = Release;
		};
		986BB41726B8A46200D6E492 /* Debug */ = {
			isa = XCBuildConfiguration;
			buildSettings = {
				ALWAYS_EMBED_SWIFT_STANDARD_LIBRARIES = YES;
				BUNDLE_LOADER = "$(TEST_HOST)";
				CODE_SIGN_STYLE = Automatic;
				DEVELOPMENT_TEAM = 445LZL99JS;
				INFOPLIST_FILE = VR_AppTests/Info.plist;
				IPHONEOS_DEPLOYMENT_TARGET = 14.4;
				LD_RUNPATH_SEARCH_PATHS = (
					"$(inherited)",
					"@executable_path/Frameworks",
					"@loader_path/Frameworks",
				);
				PRODUCT_BUNDLE_IDENTIFIER = "Projects.VR-AppTests";
				PRODUCT_NAME = "$(TARGET_NAME)";
				SWIFT_VERSION = 5.0;
				TARGETED_DEVICE_FAMILY = "1,2";
				TEST_HOST = "$(BUILT_PRODUCTS_DIR)/VR_App.app/VR_App";
			};
			name = Debug;
		};
		986BB41826B8A46200D6E492 /* Release */ = {
			isa = XCBuildConfiguration;
			buildSettings = {
				ALWAYS_EMBED_SWIFT_STANDARD_LIBRARIES = YES;
				BUNDLE_LOADER = "$(TEST_HOST)";
				CODE_SIGN_STYLE = Automatic;
				DEVELOPMENT_TEAM = 445LZL99JS;
				INFOPLIST_FILE = VR_AppTests/Info.plist;
				IPHONEOS_DEPLOYMENT_TARGET = 14.4;
				LD_RUNPATH_SEARCH_PATHS = (
					"$(inherited)",
					"@executable_path/Frameworks",
					"@loader_path/Frameworks",
				);
				PRODUCT_BUNDLE_IDENTIFIER = "Projects.VR-AppTests";
				PRODUCT_NAME = "$(TARGET_NAME)";
				SWIFT_VERSION = 5.0;
				TARGETED_DEVICE_FAMILY = "1,2";
				TEST_HOST = "$(BUILT_PRODUCTS_DIR)/VR_App.app/VR_App";
			};
			name = Release;
		};
		986BB41A26B8A46200D6E492 /* Debug */ = {
			isa = XCBuildConfiguration;
			buildSettings = {
				ALWAYS_EMBED_SWIFT_STANDARD_LIBRARIES = YES;
				CODE_SIGN_STYLE = Automatic;
				DEVELOPMENT_TEAM = 445LZL99JS;
				INFOPLIST_FILE = VR_AppUITests/Info.plist;
				LD_RUNPATH_SEARCH_PATHS = (
					"$(inherited)",
					"@executable_path/Frameworks",
					"@loader_path/Frameworks",
				);
				PRODUCT_BUNDLE_IDENTIFIER = "Projects.VR-AppUITests";
				PRODUCT_NAME = "$(TARGET_NAME)";
				SWIFT_VERSION = 5.0;
				TARGETED_DEVICE_FAMILY = "1,2";
				TEST_TARGET_NAME = VR_App;
			};
			name = Debug;
		};
		986BB41B26B8A46200D6E492 /* Release */ = {
			isa = XCBuildConfiguration;
			buildSettings = {
				ALWAYS_EMBED_SWIFT_STANDARD_LIBRARIES = YES;
				CODE_SIGN_STYLE = Automatic;
				DEVELOPMENT_TEAM = 445LZL99JS;
				INFOPLIST_FILE = VR_AppUITests/Info.plist;
				LD_RUNPATH_SEARCH_PATHS = (
					"$(inherited)",
					"@executable_path/Frameworks",
					"@loader_path/Frameworks",
				);
				PRODUCT_BUNDLE_IDENTIFIER = "Projects.VR-AppUITests";
				PRODUCT_NAME = "$(TARGET_NAME)";
				SWIFT_VERSION = 5.0;
				TARGETED_DEVICE_FAMILY = "1,2";
				TEST_TARGET_NAME = VR_App;
			};
			name = Release;
		};
/* End XCBuildConfiguration section */

/* Begin XCConfigurationList section */
		986BB3E126B8A45D00D6E492 /* Build configuration list for PBXProject "VR_App" */ = {
			isa = XCConfigurationList;
			buildConfigurations = (
				986BB41126B8A46200D6E492 /* Debug */,
				986BB41226B8A46200D6E492 /* Release */,
			);
			defaultConfigurationIsVisible = 0;
			defaultConfigurationName = Release;
		};
		986BB41326B8A46200D6E492 /* Build configuration list for PBXNativeTarget "VR_App" */ = {
			isa = XCConfigurationList;
			buildConfigurations = (
				986BB41426B8A46200D6E492 /* Debug */,
				986BB41526B8A46200D6E492 /* Release */,
			);
			defaultConfigurationIsVisible = 0;
			defaultConfigurationName = Release;
		};
		986BB41626B8A46200D6E492 /* Build configuration list for PBXNativeTarget "VR_AppTests" */ = {
			isa = XCConfigurationList;
			buildConfigurations = (
				986BB41726B8A46200D6E492 /* Debug */,
				986BB41826B8A46200D6E492 /* Release */,
			);
			defaultConfigurationIsVisible = 0;
			defaultConfigurationName = Release;
		};
		986BB41926B8A46200D6E492 /* Build configuration list for PBXNativeTarget "VR_AppUITests" */ = {
			isa = XCConfigurationList;
			buildConfigurations = (
				986BB41A26B8A46200D6E492 /* Debug */,
				986BB41B26B8A46200D6E492 /* Release */,
			);
			defaultConfigurationIsVisible = 0;
			defaultConfigurationName = Release;
		};
/* End XCConfigurationList section */

/* Begin XCVersionGroup section */
		986BB3F226B8A45D00D6E492 /* VR_App.xcdatamodeld */ = {
			isa = XCVersionGroup;
			children = (
				986BB3F326B8A45D00D6E492 /* VR_App.xcdatamodel */,
			);
			currentVersion = 986BB3F326B8A45D00D6E492 /* VR_App.xcdatamodel */;
			path = VR_App.xcdatamodeld;
			sourceTree = "<group>";
			versionGroupType = wrapper.xcdatamodel;
		};
/* End XCVersionGroup section */
	};
	rootObject = 986BB3DE26B8A45D00D6E492 /* Project object */;
}
